
Microsoft Visual Studio Solution File, Format Version 12.00
# Visual Studio Version 17
VisualStudioVersion = 17.5.33516.290
MinimumVisualStudioVersion = 10.0.40219.1
Project("{9A19103F-16F7-4668-BE54-9A1E7A4F7556}") = "MyIp", "src\MyIp\MyIp.csproj", "{A54CF267-30A1-4CB8-9036-30183B16DBED}"
EndProject
Global
	GlobalSection(SolutionConfigurationPlatforms) = preSolution
		Debug|Any CPU = Debug|Any CPU
		Release|Any CPU = Release|Any CPU
	EndGlobalSection
	GlobalSection(ProjectConfigurationPlatforms) = postSolution
		{A54CF267-30A1-4CB8-9036-30183B16DBED}.Debug|Any CPU.ActiveCfg = Debug|Any CPU
		{A54CF267-30A1-4CB8-9036-30183B16DBED}.Debug|Any CPU.Build.0 = Debug|Any CPU
		{A54CF267-30A1-4CB8-9036-30183B16DBED}.Release|Any CPU.ActiveCfg = Release|Any CPU
		{A54CF267-30A1-4CB8-9036-30183B16DBED}.Release|Any CPU.Build.0 = Release|Any CPU
	EndGlobalSection
	GlobalSection(SolutionProperties) = preSolution
		HideSolutionNode = FALSE
	EndGlobalSection
	GlobalSection(ExtensibilityGlobals) = postSolution
		SolutionGuid = {C03F21DE-3287-4CEA-8072-CC4B7AC4831C}
	EndGlobalSection
EndGlobal
